
Microsoft Visual Studio Solution File, Format Version 12.00
# Visual Studio 2013
VisualStudioVersion = 12.0.31101.0
MinimumVisualStudioVersion = 10.0.40219.1
Project("{FAE04EC0-301F-11D3-BF4B-00C04F79EFBC}") = "awsdemo", "awsdemo\awsdemo.csproj", "{A0C57C3A-D93F-42C7-A30C-6D3CF8DB8271}"
EndProject
Project("{2150E333-8FDC-42A3-9474-1A3956D46DE8}") = ".nuget", ".nuget", "{A871939B-F0A1-42AC-BDD0-74639AE78D2B}"
	ProjectSection(SolutionItems) = preProject
		.nuget\packages.config = .nuget\packages.config
	EndProjectSection
EndProject
Global
	GlobalSection(SolutionConfigurationPlatforms) = preSolution
		Debug|Any CPU = Debug|Any CPU
		Release|Any CPU = Release|Any CPU
	EndGlobalSection
	GlobalSection(ProjectConfigurationPlatforms) = postSolution
		{A0C57C3A-D93F-42C7-A30C-6D3CF8DB8271}.Debug|Any CPU.ActiveCfg = Debug|Any CPU
		{A0C57C3A-D93F-42C7-A30C-6D3CF8DB8271}.Debug|Any CPU.Build.0 = Debug|Any CPU
		{A0C57C3A-D93F-42C7-A30C-6D3CF8DB8271}.Release|Any CPU.ActiveCfg = Release|Any CPU
		{A0C57C3A-D93F-42C7-A30C-6D3CF8DB8271}.Release|Any CPU.Build.0 = Release|Any CPU
	EndGlobalSection
	GlobalSection(SolutionProperties) = preSolution
		HideSolutionNode = FALSE
	EndGlobalSection
EndGlobal
